
Microsoft Visual Studio Solution File, Format Version 12.00
# Visual Studio Version 16
VisualStudioVersion = 16.0.30804.86
MinimumVisualStudioVersion = 10.0.40219.1
Project("{FAE04EC0-301F-11D3-BF4B-00C04F79EFBC}") = "DoorLock_6Num_Random", "DoorLock_6Num_Random.csproj", "{5C7982DB-C5EA-4A37-BF4F-D12F1F3CD099}"
EndProject
Global
	GlobalSection(SolutionConfigurationPlatforms) = preSolution
		Debug|Any CPU = Debug|Any CPU
		Release|Any CPU = Release|Any CPU
	EndGlobalSection
	GlobalSection(ProjectConfigurationPlatforms) = postSolution
		{5C7982DB-C5EA-4A37-BF4F-D12F1F3CD099}.Debug|Any CPU.ActiveCfg = Debug|Any CPU
		{5C7982DB-C5EA-4A37-BF4F-D12F1F3CD099}.Debug|Any CPU.Build.0 = Debug|Any CPU
		{5C7982DB-C5EA-4A37-BF4F-D12F1F3CD099}.Release|Any CPU.ActiveCfg = Release|Any CPU
		{5C7982DB-C5EA-4A37-BF4F-D12F1F3CD099}.Release|Any CPU.Build.0 = Release|Any CPU
	EndGlobalSection
	GlobalSection(SolutionProperties) = preSolution
		HideSolutionNode = FALSE
	EndGlobalSection
	GlobalSection(ExtensibilityGlobals) = postSolution
		SolutionGuid = {D6D795A5-8985-46B1-94CD-B216EEFD4E37}
	EndGlobalSection
EndGlobal
