
Microsoft Visual Studio Solution File, Format Version 12.00
# Visual Studio Version 16
VisualStudioVersion = 16.0.30804.86
MinimumVisualStudioVersion = 10.0.40219.1
Project("{FAE04EC0-301F-11D3-BF4B-00C04F79EFBC}") = "DoorLock_6Num_For", "DoorLock_6Num_For.csproj", "{55C3631A-BFCA-45A9-954B-0CF0B081F229}"
EndProject
Global
	GlobalSection(SolutionConfigurationPlatforms) = preSolution
		Debug|Any CPU = Debug|Any CPU
		Release|Any CPU = Release|Any CPU
	EndGlobalSection
	GlobalSection(ProjectConfigurationPlatforms) = postSolution
		{55C3631A-BFCA-45A9-954B-0CF0B081F229}.Debug|Any CPU.ActiveCfg = Debug|Any CPU
		{55C3631A-BFCA-45A9-954B-0CF0B081F229}.Debug|Any CPU.Build.0 = Debug|Any CPU
		{55C3631A-BFCA-45A9-954B-0CF0B081F229}.Release|Any CPU.ActiveCfg = Release|Any CPU
		{55C3631A-BFCA-45A9-954B-0CF0B081F229}.Release|Any CPU.Build.0 = Release|Any CPU
	EndGlobalSection
	GlobalSection(SolutionProperties) = preSolution
		HideSolutionNode = FALSE
	EndGlobalSection
	GlobalSection(ExtensibilityGlobals) = postSolution
		SolutionGuid = {8BF35A25-4968-414C-A38E-7E73C5579EB3}
	EndGlobalSection
EndGlobal
