
Microsoft Visual Studio Solution File, Format Version 12.00
# Visual Studio Version 16
VisualStudioVersion = 16.0.30804.86
MinimumVisualStudioVersion = 10.0.40219.1
Project("{FAE04EC0-301F-11D3-BF4B-00C04F79EFBC}") = "ConsoleWrite", "ConsoleWrite.csproj", "{F2847190-E4AD-441C-8049-698D735FF599}"
EndProject
Global
	GlobalSection(SolutionConfigurationPlatforms) = preSolution
		Debug|Any CPU = Debug|Any CPU
		Release|Any CPU = Release|Any CPU
	EndGlobalSection
	GlobalSection(ProjectConfigurationPlatforms) = postSolution
		{F2847190-E4AD-441C-8049-698D735FF599}.Debug|Any CPU.ActiveCfg = Debug|Any CPU
		{F2847190-E4AD-441C-8049-698D735FF599}.Debug|Any CPU.Build.0 = Debug|Any CPU
		{F2847190-E4AD-441C-8049-698D735FF599}.Release|Any CPU.ActiveCfg = Release|Any CPU
		{F2847190-E4AD-441C-8049-698D735FF599}.Release|Any CPU.Build.0 = Release|Any CPU
	EndGlobalSection
	GlobalSection(SolutionProperties) = preSolution
		HideSolutionNode = FALSE
	EndGlobalSection
	GlobalSection(ExtensibilityGlobals) = postSolution
		SolutionGuid = {34CD15E1-66F4-43F8-A610-331845EEB5AA}
	EndGlobalSection
EndGlobal
